
Microsoft Visual Studio Solution File, Format Version 12.00
# Visual Studio Version 16
VisualStudioVersion = 16.0.31321.278
MinimumVisualStudioVersion = 10.0.40219.1
Project("{FAE04EC0-301F-11D3-BF4B-00C04F79EFBC}") = "Lab10", "Lab10\Lab10.csproj", "{607F2DB6-13D8-412C-8777-1FBB204D5A31}"
EndProject
Global
	GlobalSection(SolutionConfigurationPlatforms) = preSolution
		Debug|Any CPU = Debug|Any CPU
		Release|Any CPU = Release|Any CPU
	EndGlobalSection
	GlobalSection(ProjectConfigurationPlatforms) = postSolution
		{607F2DB6-13D8-412C-8777-1FBB204D5A31}.Debug|Any CPU.ActiveCfg = Debug|Any CPU
		{607F2DB6-13D8-412C-8777-1FBB204D5A31}.Debug|Any CPU.Build.0 = Debug|Any CPU
		{607F2DB6-13D8-412C-8777-1FBB204D5A31}.Release|Any CPU.ActiveCfg = Release|Any CPU
		{607F2DB6-13D8-412C-8777-1FBB204D5A31}.Release|Any CPU.Build.0 = Release|Any CPU
	EndGlobalSection
	GlobalSection(SolutionProperties) = preSolution
		HideSolutionNode = FALSE
	EndGlobalSection
	GlobalSection(ExtensibilityGlobals) = postSolution
		SolutionGuid = {4C25F5C8-B2B8-4649-B5FD-C966528EE1D0}
	EndGlobalSection
EndGlobal
